// !$*UTF8*$!
{
	archiveVersion = 1;
	classes = {
	};
	objectVersion = 56;
	objects = {

/* Begin PBXBuildFile section */
		10503377299A683800EB5725 /* GitAPI.swift in Sources */ = {isa = PBXBuildFile; fileRef = 10503376299A683800EB5725 /* GitAPI.swift */; };
		10503379299A6B3C00EB5725 /* UserList.swift in Sources */ = {isa = PBXBuildFile; fileRef = 10503378299A6B3C00EB5725 /* UserList.swift */; };
		1050337B299A6C5E00EB5725 /* ViewModel.swift in Sources */ = {isa = PBXBuildFile; fileRef = 1050337A299A6C5E00EB5725 /* ViewModel.swift */; };
		1050337D299A762E00EB5725 /* RxCocoa in Frameworks */ = {isa = PBXBuildFile; productRef = 1050337C299A762E00EB5725 /* RxCocoa */; };
		1055647C299948C800DC693C /* AppDelegate.swift in Sources */ = {isa = PBXBuildFile; fileRef = 1055647B299948C800DC693C /* AppDelegate.swift */; };
		1055647E299948C800DC693C /* SceneDelegate.swift in Sources */ = {isa = PBXBuildFile; fileRef = 1055647D299948C800DC693C /* SceneDelegate.swift */; };
		10556480299948C800DC693C /* ViewController.swift in Sources */ = {isa = PBXBuildFile; fileRef = 1055647F299948C800DC693C /* ViewController.swift */; };
		10556483299948C800DC693C /* Main.storyboard in Resources */ = {isa = PBXBuildFile; fileRef = 10556481299948C800DC693C /* Main.storyboard */; };
		10556485299948C800DC693C /* Assets.xcassets in Resources */ = {isa = PBXBuildFile; fileRef = 10556484299948C800DC693C /* Assets.xcassets */; };
		10556488299948C800DC693C /* LaunchScreen.storyboard in Resources */ = {isa = PBXBuildFile; fileRef = 10556486299948C800DC693C /* LaunchScreen.storyboard */; };
		1055649229994B8900DC693C /* SnapKit in Frameworks */ = {isa = PBXBuildFile; productRef = 1055649129994B8900DC693C /* SnapKit */; };
		1055649529994B9600DC693C /* Alamofire in Frameworks */ = {isa = PBXBuildFile; productRef = 1055649429994B9600DC693C /* Alamofire */; };
		1055649829994BB500DC693C /* RxSwift in Frameworks */ = {isa = PBXBuildFile; productRef = 1055649729994BB500DC693C /* RxSwift */; };
		1055649B29994BD200DC693C /* Moya in Frameworks */ = {isa = PBXBuildFile; productRef = 1055649A29994BD200DC693C /* Moya */; };
		1055649D29994BD200DC693C /* RxMoya in Frameworks */ = {isa = PBXBuildFile; productRef = 1055649C29994BD200DC693C /* RxMoya */; };
		105564A029994BF800DC693C /* Then in Frameworks */ = {isa = PBXBuildFile; productRef = 1055649F29994BF800DC693C /* Then */; };
		10C64F56299BE1360074E5B9 /* Realm in Frameworks */ = {isa = PBXBuildFile; productRef = 10C64F55299BE1360074E5B9 /* Realm */; };
		10C64F58299BE1360074E5B9 /* RealmSwift in Frameworks */ = {isa = PBXBuildFile; productRef = 10C64F57299BE1360074E5B9 /* RealmSwift */; };
/* End PBXBuildFile section */

/* Begin PBXFileReference section */
		10503376299A683800EB5725 /* GitAPI.swift */ = {isa = PBXFileReference; lastKnownFileType = sourcecode.swift; path = GitAPI.swift; sourceTree = "<group>"; };
		10503378299A6B3C00EB5725 /* UserList.swift */ = {isa = PBXFileReference; lastKnownFileType = sourcecode.swift; path = UserList.swift; sourceTree = "<group>"; };
		1050337A299A6C5E00EB5725 /* ViewModel.swift */ = {isa = PBXFileReference; lastKnownFileType = sourcecode.swift; path = ViewModel.swift; sourceTree = "<group>"; };
		10556478299948C800DC693C /* git-user-search.app */ = {isa = PBXFileReference; explicitFileType = wrapper.application; includeInIndex = 0; path = "git-user-search.app"; sourceTree = BUILT_PRODUCTS_DIR; };
		1055647B299948C800DC693C /* AppDelegate.swift */ = {isa = PBXFileReference; lastKnownFileType = sourcecode.swift; path = AppDelegate.swift; sourceTree = "<group>"; };
		1055647D299948C800DC693C /* SceneDelegate.swift */ = {isa = PBXFileReference; lastKnownFileType = sourcecode.swift; path = SceneDelegate.swift; sourceTree = "<group>"; };
		1055647F299948C800DC693C /* ViewController.swift */ = {isa = PBXFileReference; lastKnownFileType = sourcecode.swift; path = ViewController.swift; sourceTree = "<group>"; };
		10556482299948C800DC693C /* Base */ = {isa = PBXFileReference; lastKnownFileType = file.storyboard; name = Base; path = Base.lproj/Main.storyboard; sourceTree = "<group>"; };
		10556484299948C800DC693C /* Assets.xcassets */ = {isa = PBXFileReference; lastKnownFileType = folder.assetcatalog; path = Assets.xcassets; sourceTree = "<group>"; };
		10556487299948C800DC693C /* Base */ = {isa = PBXFileReference; lastKnownFileType = file.storyboard; name = Base; path = Base.lproj/LaunchScreen.storyboard; sourceTree = "<group>"; };
		10556489299948C800DC693C /* Info.plist */ = {isa = PBXFileReference; lastKnownFileType = text.plist.xml; path = Info.plist; sourceTree = "<group>"; };
/* End PBXFileReference section */

/* Begin PBXFrameworksBuildPhase section */
		10556475299948C700DC693C /* Frameworks */ = {
			isa = PBXFrameworksBuildPhase;
			buildActionMask = 2147483647;
			files = (
				1055649D29994BD200DC693C /* RxMoya in Frameworks */,
				105564A029994BF800DC693C /* Then in Frameworks */,
				1055649829994BB500DC693C /* RxSwift in Frameworks */,
				10C64F58299BE1360074E5B9 /* RealmSwift in Frameworks */,
				1050337D299A762E00EB5725 /* RxCocoa in Frameworks */,
				1055649229994B8900DC693C /* SnapKit in Frameworks */,
				1055649B29994BD200DC693C /* Moya in Frameworks */,
				10C64F56299BE1360074E5B9 /* Realm in Frameworks */,
				1055649529994B9600DC693C /* Alamofire in Frameworks */,
			);
			runOnlyForDeploymentPostprocessing = 0;
		};
/* End PBXFrameworksBuildPhase section */

/* Begin PBXGroup section */
		1055646F299948C700DC693C = {
			isa = PBXGroup;
			children = (
				1055647A299948C800DC693C /* git-user-search */,
				10556479299948C800DC693C /* Products */,
				1055649029994B8900DC693C /* Frameworks */,
			);
			sourceTree = "<group>";
		};
		10556479299948C800DC693C /* Products */ = {
			isa = PBXGroup;
			children = (
				10556478299948C800DC693C /* git-user-search.app */,
			);
			name = Products;
			sourceTree = "<group>";
		};
		1055647A299948C800DC693C /* git-user-search */ = {
			isa = PBXGroup;
			children = (
				105564A129994CEC00DC693C /* Resources */,
				1055647B299948C800DC693C /* AppDelegate.swift */,
				1055647D299948C800DC693C /* SceneDelegate.swift */,
				1055647F299948C800DC693C /* ViewController.swift */,
				10556489299948C800DC693C /* Info.plist */,
				10556481299948C800DC693C /* Main.storyboard */,
				10556486299948C800DC693C /* LaunchScreen.storyboard */,
				10503376299A683800EB5725 /* GitAPI.swift */,
				10503378299A6B3C00EB5725 /* UserList.swift */,
				1050337A299A6C5E00EB5725 /* ViewModel.swift */,
			);
			path = "git-user-search";
			sourceTree = "<group>";
		};
		1055649029994B8900DC693C /* Frameworks */ = {
			isa = PBXGroup;
			children = (
			);
			name = Frameworks;
			sourceTree = "<group>";
		};
		105564A129994CEC00DC693C /* Resources */ = {
			isa = PBXGroup;
			children = (
				10556484299948C800DC693C /* Assets.xcassets */,
			);
			path = Resources;
			sourceTree = "<group>";
		};
/* End PBXGroup section */

/* Begin PBXNativeTarget section */
		10556477299948C700DC693C /* git-user-search */ = {
			isa = PBXNativeTarget;
			buildConfigurationList = 1055648C299948C800DC693C /* Build configuration list for PBXNativeTarget "git-user-search" */;
			buildPhases = (
				10556474299948C700DC693C /* Sources */,
				10556475299948C700DC693C /* Frameworks */,
				10556476299948C700DC693C /* Resources */,
			);
			buildRules = (
			);
			dependencies = (
			);
			name = "git-user-search";
			packageProductDependencies = (
				1055649129994B8900DC693C /* SnapKit */,
				1055649429994B9600DC693C /* Alamofire */,
				1055649729994BB500DC693C /* RxSwift */,
				1055649A29994BD200DC693C /* Moya */,
				1055649C29994BD200DC693C /* RxMoya */,
				1055649F29994BF800DC693C /* Then */,
				1050337C299A762E00EB5725 /* RxCocoa */,
				10C64F55299BE1360074E5B9 /* Realm */,
				10C64F57299BE1360074E5B9 /* RealmSwift */,
			);
			productName = "git-user-search";
			productReference = 10556478299948C800DC693C /* git-user-search.app */;
			productType = "com.apple.product-type.application";
		};
/* End PBXNativeTarget section */

/* Begin PBXProject section */
		10556470299948C700DC693C /* Project object */ = {
			isa = PBXProject;
			attributes = {
				BuildIndependentTargetsInParallel = 1;
				LastSwiftUpdateCheck = 1400;
				LastUpgradeCheck = 1400;
				TargetAttributes = {
					10556477299948C700DC693C = {
						CreatedOnToolsVersion = 14.0;
					};
				};
			};
			buildConfigurationList = 10556473299948C700DC693C /* Build configuration list for PBXProject "git-user-search" */;
			compatibilityVersion = "Xcode 14.0";
			developmentRegion = en;
			hasScannedForEncodings = 0;
			knownRegions = (
				en,
				Base,
			);
			mainGroup = 1055646F299948C700DC693C;
			packageReferences = (
				1055648F29994B8300DC693C /* XCRemoteSwiftPackageReference "SnapKit" */,
				1055649329994B9600DC693C /* XCRemoteSwiftPackageReference "Alamofire" */,
				1055649629994BAF00DC693C /* XCRemoteSwiftPackageReference "RxSwift" */,
				1055649929994BD200DC693C /* XCRemoteSwiftPackageReference "Moya" */,
				1055649E29994BF800DC693C /* XCRemoteSwiftPackageReference "Then" */,
				10C64F54299BE1360074E5B9 /* XCRemoteSwiftPackageReference "realm-swift" */,
			);
			productRefGroup = 10556479299948C800DC693C /* Products */;
			projectDirPath = "";
			projectRoot = "";
			targets = (
				10556477299948C700DC693C /* git-user-search */,
			);
		};
/* End PBXProject section */

/* Begin PBXResourcesBuildPhase section */
		10556476299948C700DC693C /* Resources */ = {
			isa = PBXResourcesBuildPhase;
			buildActionMask = 2147483647;
			files = (
				10556488299948C800DC693C /* LaunchScreen.storyboard in Resources */,
				10556485299948C800DC693C /* Assets.xcassets in Resources */,
				10556483299948C800DC693C /* Main.storyboard in Resources */,
			);
			runOnlyForDeploymentPostprocessing = 0;
		};
/* End PBXResourcesBuildPhase section */

/* Begin PBXSourcesBuildPhase section */
		10556474299948C700DC693C /* Sources */ = {
			isa = PBXSourcesBuildPhase;
			buildActionMask = 2147483647;
			files = (
				10503379299A6B3C00EB5725 /* UserList.swift in Sources */,
				10556480299948C800DC693C /* ViewController.swift in Sources */,
				10503377299A683800EB5725 /* GitAPI.swift in Sources */,
				1055647C299948C800DC693C /* AppDelegate.swift in Sources */,
				1050337B299A6C5E00EB5725 /* ViewModel.swift in Sources */,
				1055647E299948C800DC693C /* SceneDelegate.swift in Sources */,
			);
			runOnlyForDeploymentPostprocessing = 0;
		};
/* End PBXSourcesBuildPhase section */

/* Begin PBXVariantGroup section */
		10556481299948C800DC693C /* Main.storyboard */ = {
			isa = PBXVariantGroup;
			children = (
				10556482299948C800DC693C /* Base */,
			);
			name = Main.storyboard;
			sourceTree = "<group>";
		};
		10556486299948C800DC693C /* LaunchScreen.storyboard */ = {
			isa = PBXVariantGroup;
			children = (
				10556487299948C800DC693C /* Base */,
			);
			name = LaunchScreen.storyboard;
			sourceTree = "<group>";
		};
/* End PBXVariantGroup section */

/* Begin XCBuildConfiguration section */
		1055648A299948C800DC693C /* Debug */ = {
			isa = XCBuildConfiguration;
			buildSettings = {
				ALWAYS_SEARCH_USER_PATHS = NO;
				CLANG_ANALYZER_NONNULL = YES;
				CLANG_ANALYZER_NUMBER_OBJECT_CONVERSION = YES_AGGRESSIVE;
				CLANG_CXX_LANGUAGE_STANDARD = "gnu++20";
				CLANG_ENABLE_MODULES = YES;
				CLANG_ENABLE_OBJC_ARC = YES;
				CLANG_ENABLE_OBJC_WEAK = YES;
				CLANG_WARN_BLOCK_CAPTURE_AUTORELEASING = YES;
				CLANG_WARN_BOOL_CONVERSION = YES;
				CLANG_WARN_COMMA = YES;
				CLANG_WARN_CONSTANT_CONVERSION = YES;
				CLANG_WARN_DEPRECATED_OBJC_IMPLEMENTATIONS = YES;
				CLANG_WARN_DIRECT_OBJC_ISA_USAGE = YES_ERROR;
				CLANG_WARN_DOCUMENTATION_COMMENTS = YES;
				CLANG_WARN_EMPTY_BODY = YES;
				CLANG_WARN_ENUM_CONVERSION = YES;
				CLANG_WARN_INFINITE_RECURSION = YES;
				CLANG_WARN_INT_CONVERSION = YES;
				CLANG_WARN_NON_LITERAL_NULL_CONVERSION = YES;
				CLANG_WARN_OBJC_IMPLICIT_RETAIN_SELF = YES;
				CLANG_WARN_OBJC_LITERAL_CONVERSION = YES;
				CLANG_WARN_OBJC_ROOT_CLASS = YES_ERROR;
				CLANG_WARN_QUOTED_INCLUDE_IN_FRAMEWORK_HEADER = YES;
				CLANG_WARN_RANGE_LOOP_ANALYSIS = YES;
				CLANG_WARN_STRICT_PROTOTYPES = YES;
				CLANG_WARN_SUSPICIOUS_MOVE = YES;
				CLANG_WARN_UNGUARDED_AVAILABILITY = YES_AGGRESSIVE;
				CLANG_WARN_UNREACHABLE_CODE = YES;
				CLANG_WARN__DUPLICATE_METHOD_MATCH = YES;
				COPY_PHASE_STRIP = NO;
				DEBUG_INFORMATION_FORMAT = dwarf;
				ENABLE_STRICT_OBJC_MSGSEND = YES;
				ENABLE_TESTABILITY = YES;
				GCC_C_LANGUAGE_STANDARD = gnu11;
				GCC_DYNAMIC_NO_PIC = NO;
				GCC_NO_COMMON_BLOCKS = YES;
				GCC_OPTIMIZATION_LEVEL = 0;
				GCC_PREPROCESSOR_DEFINITIONS = (
					"DEBUG=1",
					"$(inherited)",
				);
				GCC_WARN_64_TO_32_BIT_CONVERSION = YES;
				GCC_WARN_ABOUT_RETURN_TYPE = YES_ERROR;
				GCC_WARN_UNDECLARED_SELECTOR = YES;
				GCC_WARN_UNINITIALIZED_AUTOS = YES_AGGRESSIVE;
				GCC_WARN_UNUSED_FUNCTION = YES;
				GCC_WARN_UNUSED_VARIABLE = YES;
				IPHONEOS_DEPLOYMENT_TARGET = 16.0;
				MTL_ENABLE_DEBUG_INFO = INCLUDE_SOURCE;
				MTL_FAST_MATH = YES;
				ONLY_ACTIVE_ARCH = YES;
				SDKROOT = iphoneos;
				SWIFT_ACTIVE_COMPILATION_CONDITIONS = DEBUG;
				SWIFT_OPTIMIZATION_LEVEL = "-Onone";
			};
			name = Debug;
		};
		1055648B299948C800DC693C /* Release */ = {
			isa = XCBuildConfiguration;
			buildSettings = {
				ALWAYS_SEARCH_USER_PATHS = NO;
				CLANG_ANALYZER_NONNULL = YES;
				CLANG_ANALYZER_NUMBER_OBJECT_CONVERSION = YES_AGGRESSIVE;
				CLANG_CXX_LANGUAGE_STANDARD = "gnu++20";
				CLANG_ENABLE_MODULES = YES;
				CLANG_ENABLE_OBJC_ARC = YES;
				CLANG_ENABLE_OBJC_WEAK = YES;
				CLANG_WARN_BLOCK_CAPTURE_AUTORELEASING = YES;
				CLANG_WARN_BOOL_CONVERSION = YES;
				CLANG_WARN_COMMA = YES;
				CLANG_WARN_CONSTANT_CONVERSION = YES;
				CLANG_WARN_DEPRECATED_OBJC_IMPLEMENTATIONS = YES;
				CLANG_WARN_DIRECT_OBJC_ISA_USAGE = YES_ERROR;
				CLANG_WARN_DOCUMENTATION_COMMENTS = YES;
				CLANG_WARN_EMPTY_BODY = YES;
				CLANG_WARN_ENUM_CONVERSION = YES;
				CLANG_WARN_INFINITE_RECURSION = YES;
				CLANG_WARN_INT_CONVERSION = YES;
				CLANG_WARN_NON_LITERAL_NULL_CONVERSION = YES;
				CLANG_WARN_OBJC_IMPLICIT_RETAIN_SELF = YES;
				CLANG_WARN_OBJC_LITERAL_CONVERSION = YES;
				CLANG_WARN_OBJC_ROOT_CLASS = YES_ERROR;
				CLANG_WARN_QUOTED_INCLUDE_IN_FRAMEWORK_HEADER = YES;
				CLANG_WARN_RANGE_LOOP_ANALYSIS = YES;
				CLANG_WARN_STRICT_PROTOTYPES = YES;
				CLANG_WARN_SUSPICIOUS_MOVE = YES;
				CLANG_WARN_UNGUARDED_AVAILABILITY = YES_AGGRESSIVE;
				CLANG_WARN_UNREACHABLE_CODE = YES;
				CLANG_WARN__DUPLICATE_METHOD_MATCH = YES;
				COPY_PHASE_STRIP = NO;
				DEBUG_INFORMATION_FORMAT = "dwarf-with-dsym";
				ENABLE_NS_ASSERTIONS = NO;
				ENABLE_STRICT_OBJC_MSGSEND = YES;
				GCC_C_LANGUAGE_STANDARD = gnu11;
				GCC_NO_COMMON_BLOCKS = YES;
				GCC_WARN_64_TO_32_BIT_CONVERSION = YES;
				GCC_WARN_ABOUT_RETURN_TYPE = YES_ERROR;
				GCC_WARN_UNDECLARED_SELECTOR = YES;
				GCC_WARN_UNINITIALIZED_AUTOS = YES_AGGRESSIVE;
				GCC_WARN_UNUSED_FUNCTION = YES;
				GCC_WARN_UNUSED_VARIABLE = YES;
				IPHONEOS_DEPLOYMENT_TARGET = 16.0;
				MTL_ENABLE_DEBUG_INFO = NO;
				MTL_FAST_MATH = YES;
				SDKROOT = iphoneos;
				SWIFT_COMPILATION_MODE = wholemodule;
				SWIFT_OPTIMIZATION_LEVEL = "-O";
				VALIDATE_PRODUCT = YES;
			};
			name = Release;
		};
		1055648D299948C800DC693C /* Debug */ = {
			isa = XCBuildConfiguration;
			buildSettings = {
				ASSETCATALOG_COMPILER_APPICON_NAME = AppIcon;
				ASSETCATALOG_COMPILER_GLOBAL_ACCENT_COLOR_NAME = AccentColor;
				CODE_SIGN_STYLE = Automatic;
				CURRENT_PROJECT_VERSION = 1;
				DEVELOPMENT_TEAM = NV6RLW47QH;
				GENERATE_INFOPLIST_FILE = YES;
				INFOPLIST_FILE = "git-user-search/Info.plist";
				INFOPLIST_KEY_UIApplicationSupportsIndirectInputEvents = YES;
				INFOPLIST_KEY_UILaunchStoryboardName = LaunchScreen;
				INFOPLIST_KEY_UIMainStoryboardFile = Main;
				INFOPLIST_KEY_UISupportedInterfaceOrientations_iPad = "UIInterfaceOrientationPortrait UIInterfaceOrientationPortraitUpsideDown UIInterfaceOrientationLandscapeLeft UIInterfaceOrientationLandscapeRight";
				INFOPLIST_KEY_UISupportedInterfaceOrientations_iPhone = "UIInterfaceOrientationPortrait UIInterfaceOrientationLandscapeLeft UIInterfaceOrientationLandscapeRight";
				IPHONEOS_DEPLOYMENT_TARGET = 14.0;
				LD_RUNPATH_SEARCH_PATHS = (
					"$(inherited)",
					"@executable_path/Frameworks",
				);
				MARKETING_VERSION = 1.0;
				PRODUCT_BUNDLE_IDENTIFIER = "com.vex.study.git-user-search";
				PRODUCT_NAME = "$(TARGET_NAME)";
				SWIFT_EMIT_LOC_STRINGS = YES;
				SWIFT_VERSION = 5.0;
				TARGETED_DEVICE_FAMILY = "1,2";
			};
			name = Debug;
		};
		1055648E299948C800DC693C /* Release */ = {
			isa = XCBuildConfiguration;
			buildSettings = {
				ASSETCATALOG_COMPILER_APPICON_NAME = AppIcon;
				ASSETCATALOG_COMPILER_GLOBAL_ACCENT_COLOR_NAME = AccentColor;
				CODE_SIGN_STYLE = Automatic;
				CURRENT_PROJECT_VERSION = 1;
				DEVELOPMENT_TEAM = NV6RLW47QH;
				GENERATE_INFOPLIST_FILE = YES;
				INFOPLIST_FILE = "git-user-search/Info.plist";
				INFOPLIST_KEY_UIApplicationSupportsIndirectInputEvents = YES;
				INFOPLIST_KEY_UILaunchStoryboardName = LaunchScreen;
				INFOPLIST_KEY_UIMainStoryboardFile = Main;
				INFOPLIST_KEY_UISupportedInterfaceOrientations_iPad = "UIInterfaceOrientationPortrait UIInterfaceOrientationPortraitUpsideDown UIInterfaceOrientationLandscapeLeft UIInterfaceOrientationLandscapeRight";
				INFOPLIST_KEY_UISupportedInterfaceOrientations_iPhone = "UIInterfaceOrientationPortrait UIInterfaceOrientationLandscapeLeft UIInterfaceOrientationLandscapeRight";
				IPHONEOS_DEPLOYMENT_TARGET = 14.0;
				LD_RUNPATH_SEARCH_PATHS = (
					"$(inherited)",
					"@executable_path/Frameworks",
				);
				MARKETING_VERSION = 1.0;
				PRODUCT_BUNDLE_IDENTIFIER = "com.vex.study.git-user-search";
				PRODUCT_NAME = "$(TARGET_NAME)";
				SWIFT_EMIT_LOC_STRINGS = YES;
				SWIFT_VERSION = 5.0;
				TARGETED_DEVICE_FAMILY = "1,2";
			};
			name = Release;
		};
/* End XCBuildConfiguration section */

/* Begin XCConfigurationList section */
		10556473299948C700DC693C /* Build configuration list for PBXProject "git-user-search" */ = {
			isa = XCConfigurationList;
			buildConfigurations = (
				1055648A299948C800DC693C /* Debug */,
				1055648B299948C800DC693C /* Release */,
			);
			defaultConfigurationIsVisible = 0;
			defaultConfigurationName = Release;
		};
		1055648C299948C800DC693C /* Build configuration list for PBXNativeTarget "git-user-search" */ = {
			isa = XCConfigurationList;
			buildConfigurations = (
				1055648D299948C800DC693C /* Debug */,
				1055648E299948C800DC693C /* Release */,
			);
			defaultConfigurationIsVisible = 0;
			defaultConfigurationName = Release;
		};
/* End XCConfigurationList section */

/* Begin XCRemoteSwiftPackageReference section */
		1055648F29994B8300DC693C /* XCRemoteSwiftPackageReference "SnapKit" */ = {
			isa = XCRemoteSwiftPackageReference;
			repositoryURL = "https://github.com/SnapKit/SnapKit.git";
			requirement = {
				branch = develop;
				kind = branch;
			};
		};
		1055649329994B9600DC693C /* XCRemoteSwiftPackageReference "Alamofire" */ = {
			isa = XCRemoteSwiftPackageReference;
			repositoryURL = "https://github.com/Alamofire/Alamofire.git";
			requirement = {
				branch = master;
				kind = branch;
			};
		};
		1055649629994BAF00DC693C /* XCRemoteSwiftPackageReference "RxSwift" */ = {
			isa = XCRemoteSwiftPackageReference;
			repositoryURL = "https://github.com/ReactiveX/RxSwift.git";
			requirement = {
				branch = main;
				kind = branch;
			};
		};
		1055649929994BD200DC693C /* XCRemoteSwiftPackageReference "Moya" */ = {
			isa = XCRemoteSwiftPackageReference;
			repositoryURL = "https://github.com/Moya/Moya.git";
			requirement = {
				branch = master;
				kind = branch;
			};
		};
		1055649E29994BF800DC693C /* XCRemoteSwiftPackageReference "Then" */ = {
			isa = XCRemoteSwiftPackageReference;
			repositoryURL = "https://github.com/devxoul/Then.git";
			requirement = {
				kind = upToNextMajorVersion;
				minimumVersion = 3.0.0;
			};
		};
		10C64F54299BE1360074E5B9 /* XCRemoteSwiftPackageReference "realm-swift" */ = {
			isa = XCRemoteSwiftPackageReference;
			repositoryURL = "https://github.com/realm/realm-swift.git";
			requirement = {
				branch = master;
				kind = branch;
			};
		};
/* End XCRemoteSwiftPackageReference section */

/* Begin XCSwiftPackageProductDependency section */
		1050337C299A762E00EB5725 /* RxCocoa */ = {
			isa = XCSwiftPackageProductDependency;
			package = 1055649629994BAF00DC693C /* XCRemoteSwiftPackageReference "RxSwift" */;
			productName = RxCocoa;
		};
		1055649129994B8900DC693C /* SnapKit */ = {
			isa = XCSwiftPackageProductDependency;
			package = 1055648F29994B8300DC693C /* XCRemoteSwiftPackageReference "SnapKit" */;
			productName = SnapKit;
		};
		1055649429994B9600DC693C /* Alamofire */ = {
			isa = XCSwiftPackageProductDependency;
			package = 1055649329994B9600DC693C /* XCRemoteSwiftPackageReference "Alamofire" */;
			productName = Alamofire;
		};
		1055649729994BB500DC693C /* RxSwift */ = {
			isa = XCSwiftPackageProductDependency;
			package = 1055649629994BAF00DC693C /* XCRemoteSwiftPackageReference "RxSwift" */;
			productName = RxSwift;
		};
		1055649A29994BD200DC693C /* Moya */ = {
			isa = XCSwiftPackageProductDependency;
			package = 1055649929994BD200DC693C /* XCRemoteSwiftPackageReference "Moya" */;
			productName = Moya;
		};
		1055649C29994BD200DC693C /* RxMoya */ = {
			isa = XCSwiftPackageProductDependency;
			package = 1055649929994BD200DC693C /* XCRemoteSwiftPackageReference "Moya" */;
			productName = RxMoya;
		};
		1055649F29994BF800DC693C /* Then */ = {
			isa = XCSwiftPackageProductDependency;
			package = 1055649E29994BF800DC693C /* XCRemoteSwiftPackageReference "Then" */;
			productName = Then;
		};
		10C64F55299BE1360074E5B9 /* Realm */ = {
			isa = XCSwiftPackageProductDependency;
			package = 10C64F54299BE1360074E5B9 /* XCRemoteSwiftPackageReference "realm-swift" */;
			productName = Realm;
		};
		10C64F57299BE1360074E5B9 /* RealmSwift */ = {
			isa = XCSwiftPackageProductDependency;
			package = 10C64F54299BE1360074E5B9 /* XCRemoteSwiftPackageReference "realm-swift" */;
			productName = RealmSwift;
		};
/* End XCSwiftPackageProductDependency section */
	};
	rootObject = 10556470299948C700DC693C /* Project object */;
}
